{
  "pins" : [
    {
      "identity" : "nccalendarpicker",
      "kind" : "remoteSourceControl",
      "location" : "https://github.com/xiaoyeZhang/NCCalendarPicker.git",
      "state" : {
        "revision" : "a8ca6cd191b8b63ae8cdf7ade5ca2bc987507443",
        "version" : "0.0.3"
      }
    },
    {
      "identity" : "snapkit",
      "kind" : "remoteSourceControl",
      "location" : "https://github.com/SnapKit/SnapKit.git",
      "state" : {
        "revision" : "e74fe2a978d1216c3602b129447c7301573cc2d8",
        "version" : "5.7.0"
      }
    }
  ],
  "version" : 2
}
