// !$*UTF8*$!
{
	archiveVersion = 1;
	classes = {
	};
	objectVersion = 56;
	objects = {

/* Begin PBXBuildFile section */
		C7FCAA62C33AA3AA5FE7139B /* Pods_ZXYCalendarPicker.framework in Frameworks */ = {isa = PBXBuildFile; fileRef = 3D82AE077A04D8D66A8EB68D /* Pods_ZXYCalendarPicker.framework */; };
		CED8FAB72B200A97006A7D8D /* AppDelegate.swift in Sources */ = {isa = PBXBuildFile; fileRef = CED8FAB62B200A97006A7D8D /* AppDelegate.swift */; };
		CED8FAB92B200A97006A7D8D /* SceneDelegate.swift in Sources */ = {isa = PBXBuildFile; fileRef = CED8FAB82B200A97006A7D8D /* SceneDelegate.swift */; };
		CED8FABB2B200A97006A7D8D /* ViewController.swift in Sources */ = {isa = PBXBuildFile; fileRef = CED8FABA2B200A97006A7D8D /* ViewController.swift */; };
		CED8FABE2B200A97006A7D8D /* Main.storyboard in Resources */ = {isa = PBXBuildFile; fileRef = CED8FABC2B200A97006A7D8D /* Main.storyboard */; };
		CED8FAC12B200A97006A7D8D /* ZXYCalendarPicker.xcdatamodeld in Sources */ = {isa = PBXBuildFile; fileRef = CED8FABF2B200A97006A7D8D /* ZXYCalendarPicker.xcdatamodeld */; };
		CED8FAC32B200A98006A7D8D /* Assets.xcassets in Resources */ = {isa = PBXBuildFile; fileRef = CED8FAC22B200A98006A7D8D /* Assets.xcassets */; };
		CED8FAC62B200A98006A7D8D /* LaunchScreen.storyboard in Resources */ = {isa = PBXBuildFile; fileRef = CED8FAC42B200A98006A7D8D /* LaunchScreen.storyboard */; };
		CEDB48FA2B68DE41001F6964 /* NCCalendarPicker in Frameworks */ = {isa = PBXBuildFile; productRef = CEDB48F92B68DE41001F6964 /* NCCalendarPicker */; };
		CEDB48FD2B6CCF6F001F6964 /* NCCalendarPicker in Frameworks */ = {isa = PBXBuildFile; productRef = CEDB48FC2B6CCF6F001F6964 /* NCCalendarPicker */; };
/* End PBXBuildFile section */

/* Begin PBXFileReference section */
		3D82AE077A04D8D66A8EB68D /* Pods_ZXYCalendarPicker.framework */ = {isa = PBXFileReference; explicitFileType = wrapper.framework; includeInIndex = 0; path = Pods_ZXYCalendarPicker.framework; sourceTree = BUILT_PRODUCTS_DIR; };
		8C93E31F9D59DD92B394FCDA /* Pods-ZXYCalendarPicker.debug.xcconfig */ = {isa = PBXFileReference; includeInIndex = 1; lastKnownFileType = text.xcconfig; name = "Pods-ZXYCalendarPicker.debug.xcconfig"; path = "Target Support Files/Pods-ZXYCalendarPicker/Pods-ZXYCalendarPicker.debug.xcconfig"; sourceTree = "<group>"; };
		9E75C885118E773FDD8E68BA /* Pods-ZXYCalendarPicker.release.xcconfig */ = {isa = PBXFileReference; includeInIndex = 1; lastKnownFileType = text.xcconfig; name = "Pods-ZXYCalendarPicker.release.xcconfig"; path = "Target Support Files/Pods-ZXYCalendarPicker/Pods-ZXYCalendarPicker.release.xcconfig"; sourceTree = "<group>"; };
		CED8FAB32B200A97006A7D8D /* ZXYCalendarPicker.app */ = {isa = PBXFileReference; explicitFileType = wrapper.application; includeInIndex = 0; path = ZXYCalendarPicker.app; sourceTree = BUILT_PRODUCTS_DIR; };
		CED8FAB62B200A97006A7D8D /* AppDelegate.swift */ = {isa = PBXFileReference; lastKnownFileType = sourcecode.swift; path = AppDelegate.swift; sourceTree = "<group>"; };
		CED8FAB82B200A97006A7D8D /* SceneDelegate.swift */ = {isa = PBXFileReference; lastKnownFileType = sourcecode.swift; path = SceneDelegate.swift; sourceTree = "<group>"; };
		CED8FABA2B200A97006A7D8D /* ViewController.swift */ = {isa = PBXFileReference; lastKnownFileType = sourcecode.swift; path = ViewController.swift; sourceTree = "<group>"; };
		CED8FABD2B200A97006A7D8D /* Base */ = {isa = PBXFileReference; lastKnownFileType = file.storyboard; name = Base; path = Base.lproj/Main.storyboard; sourceTree = "<group>"; };
		CED8FAC02B200A97006A7D8D /* ZXYCalendarPicker.xcdatamodel */ = {isa = PBXFileReference; lastKnownFileType = wrapper.xcdatamodel; path = ZXYCalendarPicker.xcdatamodel; sourceTree = "<group>"; };
		CED8FAC22B200A98006A7D8D /* Assets.xcassets */ = {isa = PBXFileReference; lastKnownFileType = folder.assetcatalog; path = Assets.xcassets; sourceTree = "<group>"; };
		CED8FAC52B200A98006A7D8D /* Base */ = {isa = PBXFileReference; lastKnownFileType = file.storyboard; name = Base; path = Base.lproj/LaunchScreen.storyboard; sourceTree = "<group>"; };
		CED8FAC72B200A98006A7D8D /* Info.plist */ = {isa = PBXFileReference; lastKnownFileType = text.plist.xml; path = Info.plist; sourceTree = "<group>"; };
/* End PBXFileReference section */

/* Begin PBXFrameworksBuildPhase section */
		CED8FAB02B200A97006A7D8D /* Frameworks */ = {
			isa = PBXFrameworksBuildPhase;
			buildActionMask = 2147483647;
			files = (
				C7FCAA62C33AA3AA5FE7139B /* Pods_ZXYCalendarPicker.framework in Frameworks */,
				CEDB48FA2B68DE41001F6964 /* NCCalendarPicker in Frameworks */,
				CEDB48FD2B6CCF6F001F6964 /* NCCalendarPicker in Frameworks */,
			);
			runOnlyForDeploymentPostprocessing = 0;
		};
/* End PBXFrameworksBuildPhase section */

/* Begin PBXGroup section */
		5B28BB77AC272AE5CEF1C297 /* Pods */ = {
			isa = PBXGroup;
			children = (
				8C93E31F9D59DD92B394FCDA /* Pods-ZXYCalendarPicker.debug.xcconfig */,
				9E75C885118E773FDD8E68BA /* Pods-ZXYCalendarPicker.release.xcconfig */,
			);
			path = Pods;
			sourceTree = "<group>";
		};
		C17D48E20ABB80A8FB22D40C /* Frameworks */ = {
			isa = PBXGroup;
			children = (
				3D82AE077A04D8D66A8EB68D /* Pods_ZXYCalendarPicker.framework */,
			);
			name = Frameworks;
			sourceTree = "<group>";
		};
		CED8FAAA2B200A96006A7D8D = {
			isa = PBXGroup;
			children = (
				CED8FAB52B200A97006A7D8D /* ZXYCalendarPicker */,
				CED8FAB42B200A97006A7D8D /* Products */,
				5B28BB77AC272AE5CEF1C297 /* Pods */,
				C17D48E20ABB80A8FB22D40C /* Frameworks */,
			);
			sourceTree = "<group>";
		};
		CED8FAB42B200A97006A7D8D /* Products */ = {
			isa = PBXGroup;
			children = (
				CED8FAB32B200A97006A7D8D /* ZXYCalendarPicker.app */,
			);
			name = Products;
			sourceTree = "<group>";
		};
		CED8FAB52B200A97006A7D8D /* ZXYCalendarPicker */ = {
			isa = PBXGroup;
			children = (
				CED8FAB62B200A97006A7D8D /* AppDelegate.swift */,
				CED8FAB82B200A97006A7D8D /* SceneDelegate.swift */,
				CED8FABA2B200A97006A7D8D /* ViewController.swift */,
				CED8FABC2B200A97006A7D8D /* Main.storyboard */,
				CED8FAC22B200A98006A7D8D /* Assets.xcassets */,
				CED8FAC42B200A98006A7D8D /* LaunchScreen.storyboard */,
				CED8FAC72B200A98006A7D8D /* Info.plist */,
				CED8FABF2B200A97006A7D8D /* ZXYCalendarPicker.xcdatamodeld */,
			);
			path = ZXYCalendarPicker;
			sourceTree = "<group>";
		};
/* End PBXGroup section */

/* Begin PBXNativeTarget section */
		CED8FAB22B200A97006A7D8D /* ZXYCalendarPicker */ = {
			isa = PBXNativeTarget;
			buildConfigurationList = CED8FACA2B200A98006A7D8D /* Build configuration list for PBXNativeTarget "ZXYCalendarPicker" */;
			buildPhases = (
				30550E3CBC2BD226375362ED /* [CP] Check Pods Manifest.lock */,
				CED8FAAF2B200A97006A7D8D /* Sources */,
				CED8FAB02B200A97006A7D8D /* Frameworks */,
				CED8FAB12B200A97006A7D8D /* Resources */,
			);
			buildRules = (
			);
			dependencies = (
			);
			name = ZXYCalendarPicker;
			packageProductDependencies = (
				CEDB48F92B68DE41001F6964 /* NCCalendarPicker */,
				CEDB48FC2B6CCF6F001F6964 /* NCCalendarPicker */,
			);
			productName = ZXYCalendarPicker;
			productReference = CED8FAB32B200A97006A7D8D /* ZXYCalendarPicker.app */;
			productType = "com.apple.product-type.application";
		};
/* End PBXNativeTarget section */

/* Begin PBXProject section */
		CED8FAAB2B200A96006A7D8D /* Project object */ = {
			isa = PBXProject;
			attributes = {
				BuildIndependentTargetsInParallel = 1;
				LastSwiftUpdateCheck = 1420;
				LastUpgradeCheck = 1420;
				TargetAttributes = {
					CED8FAB22B200A97006A7D8D = {
						CreatedOnToolsVersion = 14.2;
					};
				};
			};
			buildConfigurationList = CED8FAAE2B200A96006A7D8D /* Build configuration list for PBXProject "ZXYCalendarPicker" */;
			compatibilityVersion = "Xcode 14.0";
			developmentRegion = en;
			hasScannedForEncodings = 0;
			knownRegions = (
				en,
				Base,
			);
			mainGroup = CED8FAAA2B200A96006A7D8D;
			packageReferences = (
				CEDB48FB2B6CCF6E001F6964 /* XCRemoteSwiftPackageReference "NCCalendarPicker" */,
			);
			productRefGroup = CED8FAB42B200A97006A7D8D /* Products */;
			projectDirPath = "";
			projectRoot = "";
			targets = (
				CED8FAB22B200A97006A7D8D /* ZXYCalendarPicker */,
			);
		};
/* End PBXProject section */

/* Begin PBXResourcesBuildPhase section */
		CED8FAB12B200A97006A7D8D /* Resources */ = {
			isa = PBXResourcesBuildPhase;
			buildActionMask = 2147483647;
			files = (
				CED8FAC62B200A98006A7D8D /* LaunchScreen.storyboard in Resources */,
				CED8FAC32B200A98006A7D8D /* Assets.xcassets in Resources */,
				CED8FABE2B200A97006A7D8D /* Main.storyboard in Resources */,
			);
			runOnlyForDeploymentPostprocessing = 0;
		};
/* End PBXResourcesBuildPhase section */

/* Begin PBXShellScriptBuildPhase section */
		30550E3CBC2BD226375362ED /* [CP] Check Pods Manifest.lock */ = {
			isa = PBXShellScriptBuildPhase;
			buildActionMask = 2147483647;
			files = (
			);
			inputFileListPaths = (
			);
			inputPaths = (
				"${PODS_PODFILE_DIR_PATH}/Podfile.lock",
				"${PODS_ROOT}/Manifest.lock",
			);
			name = "[CP] Check Pods Manifest.lock";
			outputFileListPaths = (
			);
			outputPaths = (
				"$(DERIVED_FILE_DIR)/Pods-ZXYCalendarPicker-checkManifestLockResult.txt",
			);
			runOnlyForDeploymentPostprocessing = 0;
			shellPath = /bin/sh;
			shellScript = "diff \"${PODS_PODFILE_DIR_PATH}/Podfile.lock\" \"${PODS_ROOT}/Manifest.lock\" > /dev/null\nif [ $? != 0 ] ; then\n    # print error to STDERR\n    echo \"error: The sandbox is not in sync with the Podfile.lock. Run 'pod install' or update your CocoaPods installation.\" >&2\n    exit 1\nfi\n# This output is used by Xcode 'outputs' to avoid re-running this script phase.\necho \"SUCCESS\" > \"${SCRIPT_OUTPUT_FILE_0}\"\n";
			showEnvVarsInLog = 0;
		};
/* End PBXShellScriptBuildPhase section */

/* Begin PBXSourcesBuildPhase section */
		CED8FAAF2B200A97006A7D8D /* Sources */ = {
			isa = PBXSourcesBuildPhase;
			buildActionMask = 2147483647;
			files = (
				CED8FABB2B200A97006A7D8D /* ViewController.swift in Sources */,
				CED8FAC12B200A97006A7D8D /* ZXYCalendarPicker.xcdatamodeld in Sources */,
				CED8FAB72B200A97006A7D8D /* AppDelegate.swift in Sources */,
				CED8FAB92B200A97006A7D8D /* SceneDelegate.swift in Sources */,
			);
			runOnlyForDeploymentPostprocessing = 0;
		};
/* End PBXSourcesBuildPhase section */

/* Begin PBXVariantGroup section */
		CED8FABC2B200A97006A7D8D /* Main.storyboard */ = {
			isa = PBXVariantGroup;
			children = (
				CED8FABD2B200A97006A7D8D /* Base */,
			);
			name = Main.storyboard;
			sourceTree = "<group>";
		};
		CED8FAC42B200A98006A7D8D /* LaunchScreen.storyboard */ = {
			isa = PBXVariantGroup;
			children = (
				CED8FAC52B200A98006A7D8D /* Base */,
			);
			name = LaunchScreen.storyboard;
			sourceTree = "<group>";
		};
/* End PBXVariantGroup section */

/* Begin XCBuildConfiguration section */
		CED8FAC82B200A98006A7D8D /* Debug */ = {
			isa = XCBuildConfiguration;
			buildSettings = {
				ALWAYS_SEARCH_USER_PATHS = NO;
				CLANG_ANALYZER_NONNULL = YES;
				CLANG_ANALYZER_NUMBER_OBJECT_CONVERSION = YES_AGGRESSIVE;
				CLANG_CXX_LANGUAGE_STANDARD = "gnu++20";
				CLANG_ENABLE_MODULES = YES;
				CLANG_ENABLE_OBJC_ARC = YES;
				CLANG_ENABLE_OBJC_WEAK = YES;
				CLANG_WARN_BLOCK_CAPTURE_AUTORELEASING = YES;
				CLANG_WARN_BOOL_CONVERSION = YES;
				CLANG_WARN_COMMA = YES;
				CLANG_WARN_CONSTANT_CONVERSION = YES;
				CLANG_WARN_DEPRECATED_OBJC_IMPLEMENTATIONS = YES;
				CLANG_WARN_DIRECT_OBJC_ISA_USAGE = YES_ERROR;
				CLANG_WARN_DOCUMENTATION_COMMENTS = YES;
				CLANG_WARN_EMPTY_BODY = YES;
				CLANG_WARN_ENUM_CONVERSION = YES;
				CLANG_WARN_INFINITE_RECURSION = YES;
				CLANG_WARN_INT_CONVERSION = YES;
				CLANG_WARN_NON_LITERAL_NULL_CONVERSION = YES;
				CLANG_WARN_OBJC_IMPLICIT_RETAIN_SELF = YES;
				CLANG_WARN_OBJC_LITERAL_CONVERSION = YES;
				CLANG_WARN_OBJC_ROOT_CLASS = YES_ERROR;
				CLANG_WARN_QUOTED_INCLUDE_IN_FRAMEWORK_HEADER = YES;
				CLANG_WARN_RANGE_LOOP_ANALYSIS = YES;
				CLANG_WARN_STRICT_PROTOTYPES = YES;
				CLANG_WARN_SUSPICIOUS_MOVE = YES;
				CLANG_WARN_UNGUARDED_AVAILABILITY = YES_AGGRESSIVE;
				CLANG_WARN_UNREACHABLE_CODE = YES;
				CLANG_WARN__DUPLICATE_METHOD_MATCH = YES;
				COPY_PHASE_STRIP = NO;
				DEBUG_INFORMATION_FORMAT = dwarf;
				ENABLE_STRICT_OBJC_MSGSEND = YES;
				ENABLE_TESTABILITY = YES;
				GCC_C_LANGUAGE_STANDARD = gnu11;
				GCC_DYNAMIC_NO_PIC = NO;
				GCC_NO_COMMON_BLOCKS = YES;
				GCC_OPTIMIZATION_LEVEL = 0;
				GCC_PREPROCESSOR_DEFINITIONS = (
					"DEBUG=1",
					"$(inherited)",
				);
				GCC_WARN_64_TO_32_BIT_CONVERSION = YES;
				GCC_WARN_ABOUT_RETURN_TYPE = YES_ERROR;
				GCC_WARN_UNDECLARED_SELECTOR = YES;
				GCC_WARN_UNINITIALIZED_AUTOS = YES_AGGRESSIVE;
				GCC_WARN_UNUSED_FUNCTION = YES;
				GCC_WARN_UNUSED_VARIABLE = YES;
				IPHONEOS_DEPLOYMENT_TARGET = 16.2;
				MTL_ENABLE_DEBUG_INFO = INCLUDE_SOURCE;
				MTL_FAST_MATH = YES;
				ONLY_ACTIVE_ARCH = YES;
				SDKROOT = iphoneos;
				SWIFT_ACTIVE_COMPILATION_CONDITIONS = DEBUG;
				SWIFT_OPTIMIZATION_LEVEL = "-Onone";
			};
			name = Debug;
		};
		CED8FAC92B200A98006A7D8D /* Release */ = {
			isa = XCBuildConfiguration;
			buildSettings = {
				ALWAYS_SEARCH_USER_PATHS = NO;
				CLANG_ANALYZER_NONNULL = YES;
				CLANG_ANALYZER_NUMBER_OBJECT_CONVERSION = YES_AGGRESSIVE;
				CLANG_CXX_LANGUAGE_STANDARD = "gnu++20";
				CLANG_ENABLE_MODULES = YES;
				CLANG_ENABLE_OBJC_ARC = YES;
				CLANG_ENABLE_OBJC_WEAK = YES;
				CLANG_WARN_BLOCK_CAPTURE_AUTORELEASING = YES;
				CLANG_WARN_BOOL_CONVERSION = YES;
				CLANG_WARN_COMMA = YES;
				CLANG_WARN_CONSTANT_CONVERSION = YES;
				CLANG_WARN_DEPRECATED_OBJC_IMPLEMENTATIONS = YES;
				CLANG_WARN_DIRECT_OBJC_ISA_USAGE = YES_ERROR;
				CLANG_WARN_DOCUMENTATION_COMMENTS = YES;
				CLANG_WARN_EMPTY_BODY = YES;
				CLANG_WARN_ENUM_CONVERSION = YES;
				CLANG_WARN_INFINITE_RECURSION = YES;
				CLANG_WARN_INT_CONVERSION = YES;
				CLANG_WARN_NON_LITERAL_NULL_CONVERSION = YES;
				CLANG_WARN_OBJC_IMPLICIT_RETAIN_SELF = YES;
				CLANG_WARN_OBJC_LITERAL_CONVERSION = YES;
				CLANG_WARN_OBJC_ROOT_CLASS = YES_ERROR;
				CLANG_WARN_QUOTED_INCLUDE_IN_FRAMEWORK_HEADER = YES;
				CLANG_WARN_RANGE_LOOP_ANALYSIS = YES;
				CLANG_WARN_STRICT_PROTOTYPES = YES;
				CLANG_WARN_SUSPICIOUS_MOVE = YES;
				CLANG_WARN_UNGUARDED_AVAILABILITY = YES_AGGRESSIVE;
				CLANG_WARN_UNREACHABLE_CODE = YES;
				CLANG_WARN__DUPLICATE_METHOD_MATCH = YES;
				COPY_PHASE_STRIP = NO;
				DEBUG_INFORMATION_FORMAT = "dwarf-with-dsym";
				ENABLE_NS_ASSERTIONS = NO;
				ENABLE_STRICT_OBJC_MSGSEND = YES;
				GCC_C_LANGUAGE_STANDARD = gnu11;
				GCC_NO_COMMON_BLOCKS = YES;
				GCC_WARN_64_TO_32_BIT_CONVERSION = YES;
				GCC_WARN_ABOUT_RETURN_TYPE = YES_ERROR;
				GCC_WARN_UNDECLARED_SELECTOR = YES;
				GCC_WARN_UNINITIALIZED_AUTOS = YES_AGGRESSIVE;
				GCC_WARN_UNUSED_FUNCTION = YES;
				GCC_WARN_UNUSED_VARIABLE = YES;
				IPHONEOS_DEPLOYMENT_TARGET = 16.2;
				MTL_ENABLE_DEBUG_INFO = NO;
				MTL_FAST_MATH = YES;
				SDKROOT = iphoneos;
				SWIFT_COMPILATION_MODE = wholemodule;
				SWIFT_OPTIMIZATION_LEVEL = "-O";
				VALIDATE_PRODUCT = YES;
			};
			name = Release;
		};
		CED8FACB2B200A98006A7D8D /* Debug */ = {
			isa = XCBuildConfiguration;
			baseConfigurationReference = 8C93E31F9D59DD92B394FCDA /* Pods-ZXYCalendarPicker.debug.xcconfig */;
			buildSettings = {
				ASSETCATALOG_COMPILER_APPICON_NAME = AppIcon;
				ASSETCATALOG_COMPILER_GLOBAL_ACCENT_COLOR_NAME = AccentColor;
				CODE_SIGN_STYLE = Automatic;
				CURRENT_PROJECT_VERSION = 1;
				DEVELOPMENT_TEAM = 77BTWC4A79;
				GENERATE_INFOPLIST_FILE = YES;
				INFOPLIST_FILE = ZXYCalendarPicker/Info.plist;
				INFOPLIST_KEY_UIApplicationSupportsIndirectInputEvents = YES;
				INFOPLIST_KEY_UILaunchStoryboardName = LaunchScreen;
				INFOPLIST_KEY_UIMainStoryboardFile = Main;
				INFOPLIST_KEY_UISupportedInterfaceOrientations_iPad = "UIInterfaceOrientationPortrait UIInterfaceOrientationPortraitUpsideDown UIInterfaceOrientationLandscapeLeft UIInterfaceOrientationLandscapeRight";
				INFOPLIST_KEY_UISupportedInterfaceOrientations_iPhone = "UIInterfaceOrientationPortrait UIInterfaceOrientationLandscapeLeft UIInterfaceOrientationLandscapeRight";
				LD_RUNPATH_SEARCH_PATHS = (
					"$(inherited)",
					"@executable_path/Frameworks",
				);
				MARKETING_VERSION = 1.0;
				PRODUCT_BUNDLE_IDENTIFIER = com.qijicloud.client.ZXY.ZXYCalendarPicker;
				PRODUCT_NAME = "$(TARGET_NAME)";
				SWIFT_EMIT_LOC_STRINGS = YES;
				SWIFT_VERSION = 5.0;
				TARGETED_DEVICE_FAMILY = "1,2";
			};
			name = Debug;
		};
		CED8FACC2B200A98006A7D8D /* Release */ = {
			isa = XCBuildConfiguration;
			baseConfigurationReference = 9E75C885118E773FDD8E68BA /* Pods-ZXYCalendarPicker.release.xcconfig */;
			buildSettings = {
				ASSETCATALOG_COMPILER_APPICON_NAME = AppIcon;
				ASSETCATALOG_COMPILER_GLOBAL_ACCENT_COLOR_NAME = AccentColor;
				CODE_SIGN_STYLE = Automatic;
				CURRENT_PROJECT_VERSION = 1;
				DEVELOPMENT_TEAM = 77BTWC4A79;
				GENERATE_INFOPLIST_FILE = YES;
				INFOPLIST_FILE = ZXYCalendarPicker/Info.plist;
				INFOPLIST_KEY_UIApplicationSupportsIndirectInputEvents = YES;
				INFOPLIST_KEY_UILaunchStoryboardName = LaunchScreen;
				INFOPLIST_KEY_UIMainStoryboardFile = Main;
				INFOPLIST_KEY_UISupportedInterfaceOrientations_iPad = "UIInterfaceOrientationPortrait UIInterfaceOrientationPortraitUpsideDown UIInterfaceOrientationLandscapeLeft UIInterfaceOrientationLandscapeRight";
				INFOPLIST_KEY_UISupportedInterfaceOrientations_iPhone = "UIInterfaceOrientationPortrait UIInterfaceOrientationLandscapeLeft UIInterfaceOrientationLandscapeRight";
				LD_RUNPATH_SEARCH_PATHS = (
					"$(inherited)",
					"@executable_path/Frameworks",
				);
				MARKETING_VERSION = 1.0;
				PRODUCT_BUNDLE_IDENTIFIER = com.qijicloud.client.ZXY.ZXYCalendarPicker;
				PRODUCT_NAME = "$(TARGET_NAME)";
				SWIFT_EMIT_LOC_STRINGS = YES;
				SWIFT_VERSION = 5.0;
				TARGETED_DEVICE_FAMILY = "1,2";
			};
			name = Release;
		};
/* End XCBuildConfiguration section */

/* Begin XCConfigurationList section */
		CED8FAAE2B200A96006A7D8D /* Build configuration list for PBXProject "ZXYCalendarPicker" */ = {
			isa = XCConfigurationList;
			buildConfigurations = (
				CED8FAC82B200A98006A7D8D /* Debug */,
				CED8FAC92B200A98006A7D8D /* Release */,
			);
			defaultConfigurationIsVisible = 0;
			defaultConfigurationName = Release;
		};
		CED8FACA2B200A98006A7D8D /* Build configuration list for PBXNativeTarget "ZXYCalendarPicker" */ = {
			isa = XCConfigurationList;
			buildConfigurations = (
				CED8FACB2B200A98006A7D8D /* Debug */,
				CED8FACC2B200A98006A7D8D /* Release */,
			);
			defaultConfigurationIsVisible = 0;
			defaultConfigurationName = Release;
		};
/* End XCConfigurationList section */

/* Begin XCRemoteSwiftPackageReference section */
		CEDB48FB2B6CCF6E001F6964 /* XCRemoteSwiftPackageReference "NCCalendarPicker" */ = {
			isa = XCRemoteSwiftPackageReference;
			repositoryURL = "https://github.com/xiaoyeZhang/NCCalendarPicker.git";
			requirement = {
				kind = upToNextMajorVersion;
				minimumVersion = 0.0.3;
			};
		};
/* End XCRemoteSwiftPackageReference section */

/* Begin XCSwiftPackageProductDependency section */
		CEDB48F92B68DE41001F6964 /* NCCalendarPicker */ = {
			isa = XCSwiftPackageProductDependency;
			productName = NCCalendarPicker;
		};
		CEDB48FC2B6CCF6F001F6964 /* NCCalendarPicker */ = {
			isa = XCSwiftPackageProductDependency;
			package = CEDB48FB2B6CCF6E001F6964 /* XCRemoteSwiftPackageReference "NCCalendarPicker" */;
			productName = NCCalendarPicker;
		};
/* End XCSwiftPackageProductDependency section */

/* Begin XCVersionGroup section */
		CED8FABF2B200A97006A7D8D /* ZXYCalendarPicker.xcdatamodeld */ = {
			isa = XCVersionGroup;
			children = (
				CED8FAC02B200A97006A7D8D /* ZXYCalendarPicker.xcdatamodel */,
			);
			currentVersion = CED8FAC02B200A97006A7D8D /* ZXYCalendarPicker.xcdatamodel */;
			path = ZXYCalendarPicker.xcdatamodeld;
			sourceTree = "<group>";
			versionGroupType = wrapper.xcdatamodel;
		};
/* End XCVersionGroup section */
	};
	rootObject = CED8FAAB2B200A96006A7D8D /* Project object */;
}
